
Microsoft Visual Studio Solution File, Format Version 12.00
# Visual Studio Version 16
VisualStudioVersion = 16.0.31005.135
MinimumVisualStudioVersion = 10.0.40219.1
Project("{FAE04EC0-301F-11D3-BF4B-00C04F79EFBC}") = "CodeingTest", "CodeingTest\CodeingTest.csproj", "{8EC5FE4B-6F7E-4C81-B4A3-7410D24C5657}"
EndProject
Project("{FAE04EC0-301F-11D3-BF4B-00C04F79EFBC}") = "UnitTestCodeing", "UnitTestCodeing\UnitTestCodeing.csproj", "{D502EFF6-81AA-490F-B6D2-89335A7CCD47}"
EndProject
Global
	GlobalSection(SolutionConfigurationPlatforms) = preSolution
		Debug|Any CPU = Debug|Any CPU
		Release|Any CPU = Release|Any CPU
	EndGlobalSection
	GlobalSection(ProjectConfigurationPlatforms) = postSolution
		{8EC5FE4B-6F7E-4C81-B4A3-7410D24C5657}.Debug|Any CPU.ActiveCfg = Debug|Any CPU
		{8EC5FE4B-6F7E-4C81-B4A3-7410D24C5657}.Debug|Any CPU.Build.0 = Debug|Any CPU
		{8EC5FE4B-6F7E-4C81-B4A3-7410D24C5657}.Release|Any CPU.ActiveCfg = Release|Any CPU
		{8EC5FE4B-6F7E-4C81-B4A3-7410D24C5657}.Release|Any CPU.Build.0 = Release|Any CPU
		{D502EFF6-81AA-490F-B6D2-89335A7CCD47}.Debug|Any CPU.ActiveCfg = Debug|Any CPU
		{D502EFF6-81AA-490F-B6D2-89335A7CCD47}.Debug|Any CPU.Build.0 = Debug|Any CPU
		{D502EFF6-81AA-490F-B6D2-89335A7CCD47}.Release|Any CPU.ActiveCfg = Release|Any CPU
		{D502EFF6-81AA-490F-B6D2-89335A7CCD47}.Release|Any CPU.Build.0 = Release|Any CPU
	EndGlobalSection
	GlobalSection(SolutionProperties) = preSolution
		HideSolutionNode = FALSE
	EndGlobalSection
	GlobalSection(ExtensibilityGlobals) = postSolution
		SolutionGuid = {1DEB6168-8914-438E-A6A0-A54CE2C2AA63}
	EndGlobalSection
EndGlobal
